
Microsoft Visual Studio Solution File, Format Version 12.00
# Visual Studio Version 17
VisualStudioVersion = 17.7.34024.191
MinimumVisualStudioVersion = 10.0.40219.1
Project("{FAE04EC0-301F-11D3-BF4B-00C04F79EFBC}") = "subject8", "subject8\subject8.csproj", "{D96A218D-8A28-42C7-8B3C-AAB7ED26F060}"
EndProject
Global
	GlobalSection(SolutionConfigurationPlatforms) = preSolution
		Debug|Any CPU = Debug|Any CPU
		Release|Any CPU = Release|Any CPU
	EndGlobalSection
	GlobalSection(ProjectConfigurationPlatforms) = postSolution
		{D96A218D-8A28-42C7-8B3C-AAB7ED26F060}.Debug|Any CPU.ActiveCfg = Debug|Any CPU
		{D96A218D-8A28-42C7-8B3C-AAB7ED26F060}.Debug|Any CPU.Build.0 = Debug|Any CPU
		{D96A218D-8A28-42C7-8B3C-AAB7ED26F060}.Release|Any CPU.ActiveCfg = Release|Any CPU
		{D96A218D-8A28-42C7-8B3C-AAB7ED26F060}.Release|Any CPU.Build.0 = Release|Any CPU
	EndGlobalSection
	GlobalSection(SolutionProperties) = preSolution
		HideSolutionNode = FALSE
	EndGlobalSection
	GlobalSection(ExtensibilityGlobals) = postSolution
		SolutionGuid = {27C194E5-6CAD-441B-9A3A-E419463024FA}
	EndGlobalSection
EndGlobal
